
Microsoft Visual Studio Solution File, Format Version 12.00
# Visual Studio Version 16
VisualStudioVersion = 16.0.29102.190
MinimumVisualStudioVersion = 10.0.40219.1
Project("{8BC9CEB8-8B4A-11D0-8D11-00A0C91BC942}") = "ShatteredTextual", "ShatteredTextual.vcxproj", "{8DB6AC1B-F2D4-4318-AA34-82B3BB15D992}"
EndProject
Project("{FAE04EC0-301F-11D3-BF4B-00C04F79EFBC}") = "ShatteredTextualEditor", "..\ShatteredTextualEditor\ShatteredTextualEditor.csproj", "{0CA8EE06-6163-4D14-BB23-769B969150D7}"
EndProject
Global
	GlobalSection(SolutionConfigurationPlatforms) = preSolution
		Debug|Any CPU = Debug|Any CPU
		Debug|x64 = Debug|x64
		Debug|x86 = Debug|x86
		Release|Any CPU = Release|Any CPU
		Release|x64 = Release|x64
		Release|x86 = Release|x86
	EndGlobalSection
	GlobalSection(ProjectConfigurationPlatforms) = postSolution
		{8DB6AC1B-F2D4-4318-AA34-82B3BB15D992}.Debug|Any CPU.ActiveCfg = Debug|Win32
		{8DB6AC1B-F2D4-4318-AA34-82B3BB15D992}.Debug|x64.ActiveCfg = Debug|x64
		{8DB6AC1B-F2D4-4318-AA34-82B3BB15D992}.Debug|x64.Build.0 = Debug|x64
		{8DB6AC1B-F2D4-4318-AA34-82B3BB15D992}.Debug|x86.ActiveCfg = Debug|Win32
		{8DB6AC1B-F2D4-4318-AA34-82B3BB15D992}.Debug|x86.Build.0 = Debug|Win32
		{8DB6AC1B-F2D4-4318-AA34-82B3BB15D992}.Release|Any CPU.ActiveCfg = Release|Win32
		{8DB6AC1B-F2D4-4318-AA34-82B3BB15D992}.Release|x64.ActiveCfg = Release|x64
		{8DB6AC1B-F2D4-4318-AA34-82B3BB15D992}.Release|x64.Build.0 = Release|x64
		{8DB6AC1B-F2D4-4318-AA34-82B3BB15D992}.Release|x86.ActiveCfg = Release|Win32
		{8DB6AC1B-F2D4-4318-AA34-82B3BB15D992}.Release|x86.Build.0 = Release|Win32
		{0CA8EE06-6163-4D14-BB23-769B969150D7}.Debug|Any CPU.ActiveCfg = Debug|Any CPU
		{0CA8EE06-6163-4D14-BB23-769B969150D7}.Debug|Any CPU.Build.0 = Debug|Any CPU
		{0CA8EE06-6163-4D14-BB23-769B969150D7}.Debug|x64.ActiveCfg = Debug|Any CPU
		{0CA8EE06-6163-4D14-BB23-769B969150D7}.Debug|x64.Build.0 = Debug|Any CPU
		{0CA8EE06-6163-4D14-BB23-769B969150D7}.Debug|x86.ActiveCfg = Debug|Any CPU
		{0CA8EE06-6163-4D14-BB23-769B969150D7}.Debug|x86.Build.0 = Debug|Any CPU
		{0CA8EE06-6163-4D14-BB23-769B969150D7}.Release|Any CPU.ActiveCfg = Release|Any CPU
		{0CA8EE06-6163-4D14-BB23-769B969150D7}.Release|Any CPU.Build.0 = Release|Any CPU
		{0CA8EE06-6163-4D14-BB23-769B969150D7}.Release|x64.ActiveCfg = Release|Any CPU
		{0CA8EE06-6163-4D14-BB23-769B969150D7}.Release|x64.Build.0 = Release|Any CPU
		{0CA8EE06-6163-4D14-BB23-769B969150D7}.Release|x86.ActiveCfg = Release|Any CPU
		{0CA8EE06-6163-4D14-BB23-769B969150D7}.Release|x86.Build.0 = Release|Any CPU
	EndGlobalSection
	GlobalSection(SolutionProperties) = preSolution
		HideSolutionNode = FALSE
	EndGlobalSection
	GlobalSection(ExtensibilityGlobals) = postSolution
		SolutionGuid = {372BC489-3D10-4205-B931-470AD838E239}
	EndGlobalSection
EndGlobal
